
Microsoft Visual Studio Solution File, Format Version 12.00
# Visual Studio Version 16
VisualStudioVersion = 16.0.31829.152
MinimumVisualStudioVersion = 10.0.40219.1
Project("{FAE04EC0-301F-11D3-BF4B-00C04F79EFBC}") = "Task14_Wpf", "Task7_Wpf\Task14_Wpf.csproj", "{DFD5EEAA-02B6-4C66-8857-A6887A248578}"
EndProject
Global
	GlobalSection(SolutionConfigurationPlatforms) = preSolution
		Debug|Any CPU = Debug|Any CPU
		Release|Any CPU = Release|Any CPU
	EndGlobalSection
	GlobalSection(ProjectConfigurationPlatforms) = postSolution
		{DFD5EEAA-02B6-4C66-8857-A6887A248578}.Debug|Any CPU.ActiveCfg = Debug|Any CPU
		{DFD5EEAA-02B6-4C66-8857-A6887A248578}.Debug|Any CPU.Build.0 = Debug|Any CPU
		{DFD5EEAA-02B6-4C66-8857-A6887A248578}.Release|Any CPU.ActiveCfg = Release|Any CPU
		{DFD5EEAA-02B6-4C66-8857-A6887A248578}.Release|Any CPU.Build.0 = Release|Any CPU
	EndGlobalSection
	GlobalSection(SolutionProperties) = preSolution
		HideSolutionNode = FALSE
	EndGlobalSection
	GlobalSection(ExtensibilityGlobals) = postSolution
		SolutionGuid = {38CEFC11-B14C-4A82-80A4-C0672D301178}
	EndGlobalSection
EndGlobal
